
Microsoft Visual Studio Solution File, Format Version 12.00
# Visual Studio Version 16
VisualStudioVersion = 16.0.30413.136
MinimumVisualStudioVersion = 10.0.40219.1
Project("{FAE04EC0-301F-11D3-BF4B-00C04F79EFBC}") = "Motivator.Android", "Motivator\Motivator.Android\Motivator.Android.csproj", "{857F037A-B349-4341-B75C-78B22519F9DA}"
EndProject
Project("{FAE04EC0-301F-11D3-BF4B-00C04F79EFBC}") = "Motivator.iOS", "Motivator\Motivator.iOS\Motivator.iOS.csproj", "{87153E39-B35D-499A-9403-5569A3FA1D88}"
EndProject
Project("{FAE04EC0-301F-11D3-BF4B-00C04F79EFBC}") = "Motivator", "Motivator\Motivator\Motivator.csproj", "{90C3AB8F-AA61-4463-BE8B-D2F0D26288EF}"
EndProject
Global
	GlobalSection(SolutionConfigurationPlatforms) = preSolution
		Debug|Any CPU = Debug|Any CPU
		Debug|iPhone = Debug|iPhone
		Debug|iPhoneSimulator = Debug|iPhoneSimulator
		Release|Any CPU = Release|Any CPU
		Release|iPhone = Release|iPhone
		Release|iPhoneSimulator = Release|iPhoneSimulator
	EndGlobalSection
	GlobalSection(ProjectConfigurationPlatforms) = postSolution
		{857F037A-B349-4341-B75C-78B22519F9DA}.Debug|Any CPU.ActiveCfg = Debug|Any CPU
		{857F037A-B349-4341-B75C-78B22519F9DA}.Debug|Any CPU.Build.0 = Debug|Any CPU
		{857F037A-B349-4341-B75C-78B22519F9DA}.Debug|Any CPU.Deploy.0 = Debug|Any CPU
		{857F037A-B349-4341-B75C-78B22519F9DA}.Debug|iPhone.ActiveCfg = Debug|Any CPU
		{857F037A-B349-4341-B75C-78B22519F9DA}.Debug|iPhone.Build.0 = Debug|Any CPU
		{857F037A-B349-4341-B75C-78B22519F9DA}.Debug|iPhone.Deploy.0 = Debug|Any CPU
		{857F037A-B349-4341-B75C-78B22519F9DA}.Debug|iPhoneSimulator.ActiveCfg = Debug|Any CPU
		{857F037A-B349-4341-B75C-78B22519F9DA}.Debug|iPhoneSimulator.Build.0 = Debug|Any CPU
		{857F037A-B349-4341-B75C-78B22519F9DA}.Debug|iPhoneSimulator.Deploy.0 = Debug|Any CPU
		{857F037A-B349-4341-B75C-78B22519F9DA}.Release|Any CPU.ActiveCfg = Release|Any CPU
		{857F037A-B349-4341-B75C-78B22519F9DA}.Release|Any CPU.Build.0 = Release|Any CPU
		{857F037A-B349-4341-B75C-78B22519F9DA}.Release|Any CPU.Deploy.0 = Release|Any CPU
		{857F037A-B349-4341-B75C-78B22519F9DA}.Release|iPhone.ActiveCfg = Release|Any CPU
		{857F037A-B349-4341-B75C-78B22519F9DA}.Release|iPhone.Build.0 = Release|Any CPU
		{857F037A-B349-4341-B75C-78B22519F9DA}.Release|iPhone.Deploy.0 = Release|Any CPU
		{857F037A-B349-4341-B75C-78B22519F9DA}.Release|iPhoneSimulator.ActiveCfg = Release|Any CPU
		{857F037A-B349-4341-B75C-78B22519F9DA}.Release|iPhoneSimulator.Build.0 = Release|Any CPU
		{857F037A-B349-4341-B75C-78B22519F9DA}.Release|iPhoneSimulator.Deploy.0 = Release|Any CPU
		{87153E39-B35D-499A-9403-5569A3FA1D88}.Debug|Any CPU.ActiveCfg = Debug|iPhone
		{87153E39-B35D-499A-9403-5569A3FA1D88}.Debug|Any CPU.Build.0 = Debug|iPhone
		{87153E39-B35D-499A-9403-5569A3FA1D88}.Debug|Any CPU.Deploy.0 = Debug|iPhone
		{87153E39-B35D-499A-9403-5569A3FA1D88}.Debug|iPhone.ActiveCfg = Debug|iPhone
		{87153E39-B35D-499A-9403-5569A3FA1D88}.Debug|iPhone.Build.0 = Debug|iPhone
		{87153E39-B35D-499A-9403-5569A3FA1D88}.Debug|iPhone.Deploy.0 = Debug|iPhone
		{87153E39-B35D-499A-9403-5569A3FA1D88}.Debug|iPhoneSimulator.ActiveCfg = Debug|iPhoneSimulator
		{87153E39-B35D-499A-9403-5569A3FA1D88}.Debug|iPhoneSimulator.Build.0 = Debug|iPhoneSimulator
		{87153E39-B35D-499A-9403-5569A3FA1D88}.Debug|iPhoneSimulator.Deploy.0 = Debug|iPhoneSimulator
		{87153E39-B35D-499A-9403-5569A3FA1D88}.Release|Any CPU.ActiveCfg = Release|iPhone
		{87153E39-B35D-499A-9403-5569A3FA1D88}.Release|Any CPU.Build.0 = Release|iPhone
		{87153E39-B35D-499A-9403-5569A3FA1D88}.Release|Any CPU.Deploy.0 = Release|iPhone
		{87153E39-B35D-499A-9403-5569A3FA1D88}.Release|iPhone.ActiveCfg = Release|iPhone
		{87153E39-B35D-499A-9403-5569A3FA1D88}.Release|iPhone.Build.0 = Release|iPhone
		{87153E39-B35D-499A-9403-5569A3FA1D88}.Release|iPhone.Deploy.0 = Release|iPhone
		{87153E39-B35D-499A-9403-5569A3FA1D88}.Release|iPhoneSimulator.ActiveCfg = Release|iPhoneSimulator
		{87153E39-B35D-499A-9403-5569A3FA1D88}.Release|iPhoneSimulator.Build.0 = Release|iPhoneSimulator
		{87153E39-B35D-499A-9403-5569A3FA1D88}.Release|iPhoneSimulator.Deploy.0 = Release|iPhoneSimulator
		{90C3AB8F-AA61-4463-BE8B-D2F0D26288EF}.Debug|Any CPU.ActiveCfg = Debug|Any CPU
		{90C3AB8F-AA61-4463-BE8B-D2F0D26288EF}.Debug|Any CPU.Build.0 = Debug|Any CPU
		{90C3AB8F-AA61-4463-BE8B-D2F0D26288EF}.Debug|Any CPU.Deploy.0 = Debug|Any CPU
		{90C3AB8F-AA61-4463-BE8B-D2F0D26288EF}.Debug|iPhone.ActiveCfg = Debug|Any CPU
		{90C3AB8F-AA61-4463-BE8B-D2F0D26288EF}.Debug|iPhone.Build.0 = Debug|Any CPU
		{90C3AB8F-AA61-4463-BE8B-D2F0D26288EF}.Debug|iPhone.Deploy.0 = Debug|Any CPU
		{90C3AB8F-AA61-4463-BE8B-D2F0D26288EF}.Debug|iPhoneSimulator.ActiveCfg = Debug|Any CPU
		{90C3AB8F-AA61-4463-BE8B-D2F0D26288EF}.Debug|iPhoneSimulator.Build.0 = Debug|Any CPU
		{90C3AB8F-AA61-4463-BE8B-D2F0D26288EF}.Debug|iPhoneSimulator.Deploy.0 = Debug|Any CPU
		{90C3AB8F-AA61-4463-BE8B-D2F0D26288EF}.Release|Any CPU.ActiveCfg = Release|Any CPU
		{90C3AB8F-AA61-4463-BE8B-D2F0D26288EF}.Release|Any CPU.Build.0 = Release|Any CPU
		{90C3AB8F-AA61-4463-BE8B-D2F0D26288EF}.Release|Any CPU.Deploy.0 = Release|Any CPU
		{90C3AB8F-AA61-4463-BE8B-D2F0D26288EF}.Release|iPhone.ActiveCfg = Release|Any CPU
		{90C3AB8F-AA61-4463-BE8B-D2F0D26288EF}.Release|iPhone.Build.0 = Release|Any CPU
		{90C3AB8F-AA61-4463-BE8B-D2F0D26288EF}.Release|iPhone.Deploy.0 = Release|Any CPU
		{90C3AB8F-AA61-4463-BE8B-D2F0D26288EF}.Release|iPhoneSimulator.ActiveCfg = Release|Any CPU
		{90C3AB8F-AA61-4463-BE8B-D2F0D26288EF}.Release|iPhoneSimulator.Build.0 = Release|Any CPU
		{90C3AB8F-AA61-4463-BE8B-D2F0D26288EF}.Release|iPhoneSimulator.Deploy.0 = Release|Any CPU
	EndGlobalSection
	GlobalSection(SolutionProperties) = preSolution
		HideSolutionNode = FALSE
	EndGlobalSection
	GlobalSection(ExtensibilityGlobals) = postSolution
		SolutionGuid = {07918612-FB67-431B-A87C-CD6163D3F747}
	EndGlobalSection
EndGlobal
